
Microsoft Visual Studio Solution File, Format Version 12.00
# Visual Studio 15
VisualStudioVersion = 15.0.28307.960
MinimumVisualStudioVersion = 10.0.40219.1
Project("{159641D6-6404-4A2A-AE62-294DE0FE8301}") = "FMFF - ETL_Group5", "FMFF - ETL_Group5\FMFF - ETL_Group5.dtproj", "{667A4E3A-260D-4117-B793-D2D52721C304}"
EndProject
Global
	GlobalSection(SolutionConfigurationPlatforms) = preSolution
		Development|Default = Development|Default
	EndGlobalSection
	GlobalSection(ProjectConfigurationPlatforms) = postSolution
		{667A4E3A-260D-4117-B793-D2D52721C304}.Development|Default.ActiveCfg = Development
		{667A4E3A-260D-4117-B793-D2D52721C304}.Development|Default.Build.0 = Development
	EndGlobalSection
	GlobalSection(SolutionProperties) = preSolution
		HideSolutionNode = FALSE
	EndGlobalSection
	GlobalSection(ExtensibilityGlobals) = postSolution
		SolutionGuid = {D0841929-C278-4C97-A438-D993E99DF09C}
	EndGlobalSection
EndGlobal
