
Microsoft Visual Studio Solution File, Format Version 12.00
# Visual Studio 15
VisualStudioVersion = 15.0.28307.960
MinimumVisualStudioVersion = 10.0.40219.1
Project("{D2ABAB84-BF74-430A-B69E-9DC6D40DDA17}") = "ist722_hhkhan_cc5(IST-CS-DW1)", "<Server=ist-cs-dw1.ad.syr.edu;Database=ist722_hhkhan_cc5;>", "{74BFE8D6-FB33-49E0-847E-44F2E115B79E}"
EndProject
Global
	GlobalSection(SolutionConfigurationPlatforms) = preSolution
		Development|Default = Development|Default
	EndGlobalSection
	GlobalSection(ProjectConfigurationPlatforms) = postSolution
		{74BFE8D6-FB33-49E0-847E-44F2E115B79E}.Development|Default.ActiveCfg = Development
	EndGlobalSection
	GlobalSection(SolutionProperties) = preSolution
		HideSolutionNode = FALSE
	EndGlobalSection
	GlobalSection(ExtensibilityGlobals) = postSolution
		SolutionGuid = {AC92EBE4-E48B-4858-AC3E-A1A226933ED7}
	EndGlobalSection
EndGlobal
