
Microsoft Visual Studio Solution File, Format Version 12.00
# Visual Studio 15
VisualStudioVersion = 15.0.28307.960
MinimumVisualStudioVersion = 10.0.40219.1
Project("{D2ABAB84-BF74-430A-B69E-9DC6D40DDA17}") = "ist722_shladdha(IST-CS-DW1)", "<Server=ist-cs-dw1.ad.syr.edu;Database=ist722_shladdha;>", "{2921F946-A107-4D2A-ACB1-886589B1769C}"
EndProject
Global
	GlobalSection(SolutionConfigurationPlatforms) = preSolution
		Development|Default = Development|Default
	EndGlobalSection
	GlobalSection(ProjectConfigurationPlatforms) = postSolution
		{2921F946-A107-4D2A-ACB1-886589B1769C}.Development|Default.ActiveCfg = Development
	EndGlobalSection
	GlobalSection(SolutionProperties) = preSolution
		HideSolutionNode = FALSE
	EndGlobalSection
	GlobalSection(ExtensibilityGlobals) = postSolution
		SolutionGuid = {7C52F8C9-8506-41EF-A044-CFD1A9467930}
	EndGlobalSection
EndGlobal
